{
  "requires": true,
  "lockfileVersion": 1,
  "dependencies": {
    "bootstrap": {
      "version": "4.5.2",
      "resolved": "https://registry.npmjs.org/bootstrap/-/bootstrap-4.5.2.tgz",
      "integrity": "sha512-vlGn0bcySYl/iV+BGA544JkkZP5LB3jsmkeKLFQakCOwCM3AOk7VkldBz4jrzSe+Z0Ezn99NVXa1o45cQY4R6A=="
    },
    "bootswatch": {
      "version": "4.1.1",
      "resolved": "https://registry.npmjs.org/bootswatch/-/bootswatch-4.1.1.tgz",
      "integrity": "sha1-604FPEadTcjNr/Ef9N2+9j6GpW0=",
      "requires": {
        "bootstrap": "^4.1.1"
      }
    }
  }
}
